
Microsoft Visual Studio Solution File, Format Version 12.00
# Visual Studio Version 17
VisualStudioVersion = 17.1.32421.90
MinimumVisualStudioVersion = 10.0.40219.1
Project("{FAE04EC0-301F-11D3-BF4B-00C04F79EFBC}") = "PP3", "PP3\PP3.csproj", "{4C26B866-A378-4B99-A6B2-68BE4E60975F}"
EndProject
Global
	GlobalSection(SolutionConfigurationPlatforms) = preSolution
		Debug|Any CPU = Debug|Any CPU
		Release|Any CPU = Release|Any CPU
	EndGlobalSection
	GlobalSection(ProjectConfigurationPlatforms) = postSolution
		{4C26B866-A378-4B99-A6B2-68BE4E60975F}.Debug|Any CPU.ActiveCfg = Debug|Any CPU
		{4C26B866-A378-4B99-A6B2-68BE4E60975F}.Debug|Any CPU.Build.0 = Debug|Any CPU
		{4C26B866-A378-4B99-A6B2-68BE4E60975F}.Release|Any CPU.ActiveCfg = Release|Any CPU
		{4C26B866-A378-4B99-A6B2-68BE4E60975F}.Release|Any CPU.Build.0 = Release|Any CPU
	EndGlobalSection
	GlobalSection(SolutionProperties) = preSolution
		HideSolutionNode = FALSE
	EndGlobalSection
	GlobalSection(ExtensibilityGlobals) = postSolution
		SolutionGuid = {C79BBE00-64BF-4579-8401-188904CECA05}
	EndGlobalSection
EndGlobal
